// !$*UTF8*$!
{
	archiveVersion = 1;
	classes = {
	};
	objectVersion = 46;
	objects = {

/* Begin PBXBuildFile section */
		4E6E391042017055A8CAC1B7 /* Pods_insta_clone.framework in Frameworks */ = {isa = PBXBuildFile; fileRef = 1E375BD34BF5A73462C97E85 /* Pods_insta_clone.framework */; };
		B21653E61C5AD8E200B98123 /* AppDelegate.swift in Sources */ = {isa = PBXBuildFile; fileRef = B21653E51C5AD8E200B98123 /* AppDelegate.swift */; };
		B21653E81C5AD8E200B98123 /* PhotosViewController .swift in Sources */ = {isa = PBXBuildFile; fileRef = B21653E71C5AD8E200B98123 /* PhotosViewController .swift */; };
		B21653EB1C5AD8E200B98123 /* Main.storyboard in Resources */ = {isa = PBXBuildFile; fileRef = B21653E91C5AD8E200B98123 /* Main.storyboard */; };
		B21653ED1C5AD8E200B98123 /* Assets.xcassets in Resources */ = {isa = PBXBuildFile; fileRef = B21653EC1C5AD8E200B98123 /* Assets.xcassets */; };
		B21653F01C5AD8E200B98123 /* LaunchScreen.storyboard in Resources */ = {isa = PBXBuildFile; fileRef = B21653EE1C5AD8E200B98123 /* LaunchScreen.storyboard */; };
		B2A4C7BD1C5AE041008C0E17 /* PhotoCell.swift in Sources */ = {isa = PBXBuildFile; fileRef = B2A4C7BC1C5AE041008C0E17 /* PhotoCell.swift */; };
/* End PBXBuildFile section */

/* Begin PBXFileReference section */
		1E375BD34BF5A73462C97E85 /* Pods_insta_clone.framework */ = {isa = PBXFileReference; explicitFileType = wrapper.framework; includeInIndex = 0; path = Pods_insta_clone.framework; sourceTree = BUILT_PRODUCTS_DIR; };
		92237FCB66B0D718C1857C9B /* Pods-insta-clone.release.xcconfig */ = {isa = PBXFileReference; includeInIndex = 1; lastKnownFileType = text.xcconfig; name = "Pods-insta-clone.release.xcconfig"; path = "Pods/Target Support Files/Pods-insta-clone/Pods-insta-clone.release.xcconfig"; sourceTree = "<group>"; };
		B21653E21C5AD8E200B98123 /* insta-clone.app */ = {isa = PBXFileReference; explicitFileType = wrapper.application; includeInIndex = 0; path = "insta-clone.app"; sourceTree = BUILT_PRODUCTS_DIR; };
		B21653E51C5AD8E200B98123 /* AppDelegate.swift */ = {isa = PBXFileReference; lastKnownFileType = sourcecode.swift; path = AppDelegate.swift; sourceTree = "<group>"; };
		B21653E71C5AD8E200B98123 /* PhotosViewController .swift */ = {isa = PBXFileReference; lastKnownFileType = sourcecode.swift; path = "PhotosViewController .swift"; sourceTree = "<group>"; };
		B21653EA1C5AD8E200B98123 /* Base */ = {isa = PBXFileReference; lastKnownFileType = file.storyboard; name = Base; path = Base.lproj/Main.storyboard; sourceTree = "<group>"; };
		B21653EC1C5AD8E200B98123 /* Assets.xcassets */ = {isa = PBXFileReference; lastKnownFileType = folder.assetcatalog; path = Assets.xcassets; sourceTree = "<group>"; };
		B21653EF1C5AD8E200B98123 /* Base */ = {isa = PBXFileReference; lastKnownFileType = file.storyboard; name = Base; path = Base.lproj/LaunchScreen.storyboard; sourceTree = "<group>"; };
		B21653F11C5AD8E200B98123 /* Info.plist */ = {isa = PBXFileReference; lastKnownFileType = text.plist.xml; path = Info.plist; sourceTree = "<group>"; };
		B2A4C7BC1C5AE041008C0E17 /* PhotoCell.swift */ = {isa = PBXFileReference; fileEncoding = 4; lastKnownFileType = sourcecode.swift; path = PhotoCell.swift; sourceTree = "<group>"; };
		DA049F8B3876B5793DCF1FBF /* Pods-insta-clone.debug.xcconfig */ = {isa = PBXFileReference; includeInIndex = 1; lastKnownFileType = text.xcconfig; name = "Pods-insta-clone.debug.xcconfig"; path = "Pods/Target Support Files/Pods-insta-clone/Pods-insta-clone.debug.xcconfig"; sourceTree = "<group>"; };
/* End PBXFileReference section */

/* Begin PBXFrameworksBuildPhase section */
		B21653DF1C5AD8E200B98123 /* Frameworks */ = {
			isa = PBXFrameworksBuildPhase;
			buildActionMask = 2147483647;
			files = (
				4E6E391042017055A8CAC1B7 /* Pods_insta_clone.framework in Frameworks */,
			);
			runOnlyForDeploymentPostprocessing = 0;
		};
/* End PBXFrameworksBuildPhase section */

/* Begin PBXGroup section */
		140BDFB59DA0181F2C58E602 /* Frameworks */ = {
			isa = PBXGroup;
			children = (
				1E375BD34BF5A73462C97E85 /* Pods_insta_clone.framework */,
			);
			name = Frameworks;
			sourceTree = "<group>";
		};
		AF2DBFE2F036D7F8D85C8833 /* Pods */ = {
			isa = PBXGroup;
			children = (
				DA049F8B3876B5793DCF1FBF /* Pods-insta-clone.debug.xcconfig */,
				92237FCB66B0D718C1857C9B /* Pods-insta-clone.release.xcconfig */,
			);
			name = Pods;
			sourceTree = "<group>";
		};
		B21653D91C5AD8E200B98123 = {
			isa = PBXGroup;
			children = (
				B21653E41C5AD8E200B98123 /* insta-clone */,
				B21653E31C5AD8E200B98123 /* Products */,
				AF2DBFE2F036D7F8D85C8833 /* Pods */,
				140BDFB59DA0181F2C58E602 /* Frameworks */,
			);
			sourceTree = "<group>";
		};
		B21653E31C5AD8E200B98123 /* Products */ = {
			isa = PBXGroup;
			children = (
				B21653E21C5AD8E200B98123 /* insta-clone.app */,
			);
			name = Products;
			sourceTree = "<group>";
		};
		B21653E41C5AD8E200B98123 /* insta-clone */ = {
			isa = PBXGroup;
			children = (
				B21653E51C5AD8E200B98123 /* AppDelegate.swift */,
				B21653E71C5AD8E200B98123 /* PhotosViewController .swift */,
				B21653E91C5AD8E200B98123 /* Main.storyboard */,
				B2A4C7BC1C5AE041008C0E17 /* PhotoCell.swift */,
				B21653EC1C5AD8E200B98123 /* Assets.xcassets */,
				B21653EE1C5AD8E200B98123 /* LaunchScreen.storyboard */,
				B21653F11C5AD8E200B98123 /* Info.plist */,
			);
			path = "insta-clone";
			sourceTree = "<group>";
		};
/* End PBXGroup section */

/* Begin PBXNativeTarget section */
		B21653E11C5AD8E200B98123 /* insta-clone */ = {
			isa = PBXNativeTarget;
			buildConfigurationList = B21653F41C5AD8E200B98123 /* Build configuration list for PBXNativeTarget "insta-clone" */;
			buildPhases = (
				5B3112FB69A34EBB12FB03E1 /* Check Pods Manifest.lock */,
				B21653DE1C5AD8E200B98123 /* Sources */,
				B21653DF1C5AD8E200B98123 /* Frameworks */,
				B21653E01C5AD8E200B98123 /* Resources */,
				E546185D90F78958C702D7A0 /* Embed Pods Frameworks */,
				A6FB3D506D1CCC257CAC6CCD /* Copy Pods Resources */,
			);
			buildRules = (
			);
			dependencies = (
			);
			name = "insta-clone";
			productName = "insta-clone";
			productReference = B21653E21C5AD8E200B98123 /* insta-clone.app */;
			productType = "com.apple.product-type.application";
		};
/* End PBXNativeTarget section */

/* Begin PBXProject section */
		B21653DA1C5AD8E200B98123 /* Project object */ = {
			isa = PBXProject;
			attributes = {
				LastSwiftUpdateCheck = 0720;
				LastUpgradeCheck = 0720;
				ORGANIZATIONNAME = "Danyal Rizvi";
				TargetAttributes = {
					B21653E11C5AD8E200B98123 = {
						CreatedOnToolsVersion = 7.2;
						DevelopmentTeam = 538ABTBZHN;
					};
				};
			};
			buildConfigurationList = B21653DD1C5AD8E200B98123 /* Build configuration list for PBXProject "insta-clone" */;
			compatibilityVersion = "Xcode 3.2";
			developmentRegion = English;
			hasScannedForEncodings = 0;
			knownRegions = (
				en,
				Base,
			);
			mainGroup = B21653D91C5AD8E200B98123;
			productRefGroup = B21653E31C5AD8E200B98123 /* Products */;
			projectDirPath = "";
			projectRoot = "";
			targets = (
				B21653E11C5AD8E200B98123 /* insta-clone */,
			);
		};
/* End PBXProject section */

/* Begin PBXResourcesBuildPhase section */
		B21653E01C5AD8E200B98123 /* Resources */ = {
			isa = PBXResourcesBuildPhase;
			buildActionMask = 2147483647;
			files = (
				B21653F01C5AD8E200B98123 /* LaunchScreen.storyboard in Resources */,
				B21653ED1C5AD8E200B98123 /* Assets.xcassets in Resources */,
				B21653EB1C5AD8E200B98123 /* Main.storyboard in Resources */,
			);
			runOnlyForDeploymentPostprocessing = 0;
		};
/* End PBXResourcesBuildPhase section */

/* Begin PBXShellScriptBuildPhase section */
		5B3112FB69A34EBB12FB03E1 /* Check Pods Manifest.lock */ = {
			isa = PBXShellScriptBuildPhase;
			buildActionMask = 2147483647;
			files = (
			);
			inputPaths = (
			);
			name = "Check Pods Manifest.lock";
			outputPaths = (
			);
			runOnlyForDeploymentPostprocessing = 0;
			shellPath = /bin/sh;
			shellScript = "diff \"${PODS_ROOT}/../Podfile.lock\" \"${PODS_ROOT}/Manifest.lock\" > /dev/null\nif [[ $? != 0 ]] ; then\n    cat << EOM\nerror: The sandbox is not in sync with the Podfile.lock. Run 'pod install' or update your CocoaPods installation.\nEOM\n    exit 1\nfi\n";
			showEnvVarsInLog = 0;
		};
		A6FB3D506D1CCC257CAC6CCD /* Copy Pods Resources */ = {
			isa = PBXShellScriptBuildPhase;
			buildActionMask = 2147483647;
			files = (
			);
			inputPaths = (
			);
			name = "Copy Pods Resources";
			outputPaths = (
			);
			runOnlyForDeploymentPostprocessing = 0;
			shellPath = /bin/sh;
			shellScript = "\"${SRCROOT}/Pods/Target Support Files/Pods-insta-clone/Pods-insta-clone-resources.sh\"\n";
			showEnvVarsInLog = 0;
		};
		E546185D90F78958C702D7A0 /* Embed Pods Frameworks */ = {
			isa = PBXShellScriptBuildPhase;
			buildActionMask = 2147483647;
			files = (
			);
			inputPaths = (
			);
			name = "Embed Pods Frameworks";
			outputPaths = (
			);
			runOnlyForDeploymentPostprocessing = 0;
			shellPath = /bin/sh;
			shellScript = "\"${SRCROOT}/Pods/Target Support Files/Pods-insta-clone/Pods-insta-clone-frameworks.sh\"\n";
			showEnvVarsInLog = 0;
		};
/* End PBXShellScriptBuildPhase section */

/* Begin PBXSourcesBuildPhase section */
		B21653DE1C5AD8E200B98123 /* Sources */ = {
			isa = PBXSourcesBuildPhase;
			buildActionMask = 2147483647;
			files = (
				B21653E81C5AD8E200B98123 /* PhotosViewController .swift in Sources */,
				B2A4C7BD1C5AE041008C0E17 /* PhotoCell.swift in Sources */,
				B21653E61C5AD8E200B98123 /* AppDelegate.swift in Sources */,
			);
			runOnlyForDeploymentPostprocessing = 0;
		};
/* End PBXSourcesBuildPhase section */

/* Begin PBXVariantGroup section */
		B21653E91C5AD8E200B98123 /* Main.storyboard */ = {
			isa = PBXVariantGroup;
			children = (
				B21653EA1C5AD8E200B98123 /* Base */,
			);
			name = Main.storyboard;
			sourceTree = "<group>";
		};
		B21653EE1C5AD8E200B98123 /* LaunchScreen.storyboard */ = {
			isa = PBXVariantGroup;
			children = (
				B21653EF1C5AD8E200B98123 /* Base */,
			);
			name = LaunchScreen.storyboard;
			sourceTree = "<group>";
		};
/* End PBXVariantGroup section */

/* Begin XCBuildConfiguration section */
		B21653F21C5AD8E200B98123 /* Debug */ = {
			isa = XCBuildConfiguration;
			buildSettings = {
				ALWAYS_SEARCH_USER_PATHS = NO;
				CLANG_CXX_LANGUAGE_STANDARD = "gnu++0x";
				CLANG_CXX_LIBRARY = "libc++";
				CLANG_ENABLE_MODULES = YES;
				CLANG_ENABLE_OBJC_ARC = YES;
				CLANG_WARN_BOOL_CONVERSION = YES;
				CLANG_WARN_CONSTANT_CONVERSION = YES;
				CLANG_WARN_DIRECT_OBJC_ISA_USAGE = YES_ERROR;
				CLANG_WARN_EMPTY_BODY = YES;
				CLANG_WARN_ENUM_CONVERSION = YES;
				CLANG_WARN_INT_CONVERSION = YES;
				CLANG_WARN_OBJC_ROOT_CLASS = YES_ERROR;
				CLANG_WARN_UNREACHABLE_CODE = YES;
				CLANG_WARN__DUPLICATE_METHOD_MATCH = YES;
				"CODE_SIGN_IDENTITY[sdk=iphoneos*]" = "iPhone Developer";
				COPY_PHASE_STRIP = NO;
				DEBUG_INFORMATION_FORMAT = dwarf;
				ENABLE_STRICT_OBJC_MSGSEND = YES;
				ENABLE_TESTABILITY = YES;
				GCC_C_LANGUAGE_STANDARD = gnu99;
				GCC_DYNAMIC_NO_PIC = NO;
				GCC_NO_COMMON_BLOCKS = YES;
				GCC_OPTIMIZATION_LEVEL = 0;
				GCC_PREPROCESSOR_DEFINITIONS = (
					"DEBUG=1",
					"$(inherited)",
				);
				GCC_WARN_64_TO_32_BIT_CONVERSION = YES;
				GCC_WARN_ABOUT_RETURN_TYPE = YES_ERROR;
				GCC_WARN_UNDECLARED_SELECTOR = YES;
				GCC_WARN_UNINITIALIZED_AUTOS = YES_AGGRESSIVE;
				GCC_WARN_UNUSED_FUNCTION = YES;
				GCC_WARN_UNUSED_VARIABLE = YES;
				IPHONEOS_DEPLOYMENT_TARGET = 9.2;
				MTL_ENABLE_DEBUG_INFO = YES;
				ONLY_ACTIVE_ARCH = YES;
				SDKROOT = iphoneos;
				SWIFT_OPTIMIZATION_LEVEL = "-Onone";
			};
			name = Debug;
		};
		B21653F31C5AD8E200B98123 /* Release */ = {
			isa = XCBuildConfiguration;
			buildSettings = {
				ALWAYS_SEARCH_USER_PATHS = NO;
				CLANG_CXX_LANGUAGE_STANDARD = "gnu++0x";
				CLANG_CXX_LIBRARY = "libc++";
				CLANG_ENABLE_MODULES = YES;
				CLANG_ENABLE_OBJC_ARC = YES;
				CLANG_WARN_BOOL_CONVERSION = YES;
				CLANG_WARN_CONSTANT_CONVERSION = YES;
				CLANG_WARN_DIRECT_OBJC_ISA_USAGE = YES_ERROR;
				CLANG_WARN_EMPTY_BODY = YES;
				CLANG_WARN_ENUM_CONVERSION = YES;
				CLANG_WARN_INT_CONVERSION = YES;
				CLANG_WARN_OBJC_ROOT_CLASS = YES_ERROR;
				CLANG_WARN_UNREACHABLE_CODE = YES;
				CLANG_WARN__DUPLICATE_METHOD_MATCH = YES;
				"CODE_SIGN_IDENTITY[sdk=iphoneos*]" = "iPhone Developer";
				COPY_PHASE_STRIP = NO;
				DEBUG_INFORMATION_FORMAT = "dwarf-with-dsym";
				ENABLE_NS_ASSERTIONS = NO;
				ENABLE_STRICT_OBJC_MSGSEND = YES;
				GCC_C_LANGUAGE_STANDARD = gnu99;
				GCC_NO_COMMON_BLOCKS = YES;
				GCC_WARN_64_TO_32_BIT_CONVERSION = YES;
				GCC_WARN_ABOUT_RETURN_TYPE = YES_ERROR;
				GCC_WARN_UNDECLARED_SELECTOR = YES;
				GCC_WARN_UNINITIALIZED_AUTOS = YES_AGGRESSIVE;
				GCC_WARN_UNUSED_FUNCTION = YES;
				GCC_WARN_UNUSED_VARIABLE = YES;
				IPHONEOS_DEPLOYMENT_TARGET = 9.2;
				MTL_ENABLE_DEBUG_INFO = NO;
				SDKROOT = iphoneos;
				VALIDATE_PRODUCT = YES;
			};
			name = Release;
		};
		B21653F51C5AD8E200B98123 /* Debug */ = {
			isa = XCBuildConfiguration;
			baseConfigurationReference = DA049F8B3876B5793DCF1FBF /* Pods-insta-clone.debug.xcconfig */;
			buildSettings = {
				ASSETCATALOG_COMPILER_APPICON_NAME = AppIcon;
				CODE_SIGN_IDENTITY = "iPhone Developer";
				"CODE_SIGN_IDENTITY[sdk=iphoneos*]" = "iPhone Developer";
				INFOPLIST_FILE = "insta-clone/Info.plist";
				LD_RUNPATH_SEARCH_PATHS = "$(inherited) @executable_path/Frameworks";
				PRODUCT_BUNDLE_IDENTIFIER = "Danyal-Rizvi.insta-clone";
				PRODUCT_NAME = "$(TARGET_NAME)";
				PROVISIONING_PROFILE = "";
			};
			name = Debug;
		};
		B21653F61C5AD8E200B98123 /* Release */ = {
			isa = XCBuildConfiguration;
			baseConfigurationReference = 92237FCB66B0D718C1857C9B /* Pods-insta-clone.release.xcconfig */;
			buildSettings = {
				ASSETCATALOG_COMPILER_APPICON_NAME = AppIcon;
				CODE_SIGN_IDENTITY = "iPhone Developer";
				"CODE_SIGN_IDENTITY[sdk=iphoneos*]" = "iPhone Developer";
				INFOPLIST_FILE = "insta-clone/Info.plist";
				LD_RUNPATH_SEARCH_PATHS = "$(inherited) @executable_path/Frameworks";
				PRODUCT_BUNDLE_IDENTIFIER = "Danyal-Rizvi.insta-clone";
				PRODUCT_NAME = "$(TARGET_NAME)";
				PROVISIONING_PROFILE = "";
			};
			name = Release;
		};
/* End XCBuildConfiguration section */

/* Begin XCConfigurationList section */
		B21653DD1C5AD8E200B98123 /* Build configuration list for PBXProject "insta-clone" */ = {
			isa = XCConfigurationList;
			buildConfigurations = (
				B21653F21C5AD8E200B98123 /* Debug */,
				B21653F31C5AD8E200B98123 /* Release */,
			);
			defaultConfigurationIsVisible = 0;
			defaultConfigurationName = Release;
		};
		B21653F41C5AD8E200B98123 /* Build configuration list for PBXNativeTarget "insta-clone" */ = {
			isa = XCConfigurationList;
			buildConfigurations = (
				B21653F51C5AD8E200B98123 /* Debug */,
				B21653F61C5AD8E200B98123 /* Release */,
			);
			defaultConfigurationIsVisible = 0;
			defaultConfigurationName = Release;
		};
/* End XCConfigurationList section */
	};
	rootObject = B21653DA1C5AD8E200B98123 /* Project object */;
}
